{
  "name": "ocampo",
  "version": "1.0.0",
  "lockfileVersion": 1,
  "requires": true,
  "dependencies": {
    "fuse.js": {
      "version": "5.2.3",
      "resolved": "https://registry.npmjs.org/fuse.js/-/fuse.js-5.2.3.tgz",
      "integrity": "sha512-ld3AEgKtKnnXCtJavtygAb+aLlD5aVvLwTocXXBSStLA6JGFI6oMxTvumwh46N2/3gs3A7JNDu1px5F1/cq84g=="
    },
    "leaflet-sidebar": {
      "version": "0.2.0",
      "resolved": "https://registry.npmjs.org/leaflet-sidebar/-/leaflet-sidebar-0.2.0.tgz",
      "integrity": "sha1-Ezwds13W1RpgLY5i26m8WwZuVFo="
    }
  }
}
